<?xml version="1.0" encoding="utf-8"?>
<Project ToolsVersion="4.0" xmlns="http://schemas.microsoft.com/developer/msbuild/2003">
  <ItemGroup>
    <Filter Include="소스 파일">
      <UniqueIdentifier>{4FC737F1-C7A5-4376-A066-2A32D752A2FF}</UniqueIdentifier>
      <Extensions>cpp;c;cc;cxx;def;odl;idl;hpj;bat;asm;asmx</Extensions>
    </Filter>
    <Filter Include="헤더 파일">
      <UniqueIdentifier>{93995380-89BD-4b04-88EB-625FBE52EBFB}</UniqueIdentifier>
      <Extensions>h;hh;hpp;hxx;hm;inl;inc;xsd</Extensions>
    </Filter>
    <Filter Include="리소스 파일">
      <UniqueIdentifier>{67DA6AB6-F800-4c08-8B7A-83BB121AAD01}</UniqueIdentifier>
      <Extensions>rc;ico;cur;bmp;dlg;rc2;rct;bin;rgs;gif;jpg;jpeg;jpe;resx;tiff;tif;png;wav;mfcribbon-ms</Extensions>
    </Filter>
    <Filter Include="소스 파일\day1">
      <UniqueIdentifier>{376dcc79-4dde-47e0-8cad-96a08563c50a}</UniqueIdentifier>
    </Filter>
    <Filter Include="소스 파일\day1\utils">
      <UniqueIdentifier>{9d7e3c0e-4e23-4d8b-87a0-63860beddc6b}</UniqueIdentifier>
    </Filter>
    <Filter Include="소스 파일\day1\4_policybase">
      <UniqueIdentifier>{9cdeeb4f-6aee-45d2-9576-60aee8d0ac6a}</UniqueIdentifier>
    </Filter>
    <Filter Include="소스 파일\day1\3_solid_template_method">
      <UniqueIdentifier>{ade2cce8-ee5c-4f6c-8775-f2c9f3b2a0cc}</UniqueIdentifier>
    </Filter>
    <Filter Include="소스 파일\day1\2_vtable">
      <UniqueIdentifier>{f7e6a034-b388-4d4b-b6e7-df1ea63b5499}</UniqueIdentifier>
    </Filter>
    <Filter Include="소스 파일\day1\1_thiscall">
      <UniqueIdentifier>{42127c3a-b410-4df7-bdcb-0e5ed4489dd4}</UniqueIdentifier>
    </Filter>
    <Filter Include="소스 파일\day2">
      <UniqueIdentifier>{3641b1bc-ff3f-4f50-886f-574492110133}</UniqueIdentifier>
    </Filter>
    <Filter Include="소스 파일\day2\1_virtual_desctructor">
      <UniqueIdentifier>{5eafd1ab-b084-4f8b-800f-44fd1df5d2a8}</UniqueIdentifier>
    </Filter>
    <Filter Include="소스 파일\day2\2_policy_with_functions">
      <UniqueIdentifier>{1d1c37e5-04fc-4e5c-80b6-49c367ae914d}</UniqueIdentifier>
    </Filter>
    <Filter Include="소스 파일\day2\3_composite">
      <UniqueIdentifier>{abc6bae4-50e6-4b5d-a801-07adda46a012}</UniqueIdentifier>
    </Filter>
    <Filter Include="소스 파일\day2\4_observer">
      <UniqueIdentifier>{42107d79-f47a-4d2e-a516-316bf0c40a11}</UniqueIdentifier>
    </Filter>
    <Filter Include="소스 파일\day2\5_mediator">
      <UniqueIdentifier>{58771976-694d-4b2b-960e-82933b705eed}</UniqueIdentifier>
    </Filter>
    <Filter Include="소스 파일\day2\6_messagemap">
      <UniqueIdentifier>{8aa47cab-dd75-4c2b-931f-b8f4a1677cd0}</UniqueIdentifier>
    </Filter>
  </ItemGroup>
  <ItemGroup>
    <ClCompile Include="1_shape_lsp.cpp">
      <Filter>소스 파일\day1\3_solid_template_method</Filter>
    </ClCompile>
    <ClCompile Include="2_shape_ocp_prototype.cpp">
      <Filter>소스 파일\day1\3_solid_template_method</Filter>
    </ClCompile>
    <ClCompile Include="3_shape_template_method.cpp">
      <Filter>소스 파일\day1\3_solid_template_method</Filter>
    </ClCompile>
    <ClCompile Include="4_strategy.cpp">
      <Filter>소스 파일\day1\3_solid_template_method</Filter>
    </ClCompile>
    <ClCompile Include="1_strategy_sample.cpp">
      <Filter>소스 파일\day1\4_policybase</Filter>
    </ClCompile>
    <ClCompile Include="2_policybase.cpp">
      <Filter>소스 파일\day1\4_policybase</Filter>
    </ClCompile>
    <ClCompile Include="3_policybase_ex_vector.cpp">
      <Filter>소스 파일\day1\4_policybase</Filter>
    </ClCompile>
    <ClCompile Include="accessmodifier_adapter.cpp">
      <Filter>소스 파일\day1</Filter>
    </ClCompile>
    <ClCompile Include="4_virtual_defaultparam.cpp">
      <Filter>소스 파일\day1\2_vtable</Filter>
    </ClCompile>
    <ClCompile Include="2_vtable.cpp">
      <Filter>소스 파일\day1\2_vtable</Filter>
    </ClCompile>
    <ClCompile Include="3_vtable_binding.cpp">
      <Filter>소스 파일\day1\2_vtable</Filter>
    </ClCompile>
    <ClCompile Include="1_binding_function.cpp">
      <Filter>소스 파일\day1\2_vtable</Filter>
    </ClCompile>
    <ClCompile Include="1_thiscall_this.cpp">
      <Filter>소스 파일\day1\1_thiscall</Filter>
    </ClCompile>
    <ClCompile Include="2_thiscall_memberfunctor.cpp">
      <Filter>소스 파일\day1\1_thiscall</Filter>
    </ClCompile>
    <ClCompile Include="34_thiscall_libctocpp.cpp">
      <Filter>소스 파일\day1\1_thiscall</Filter>
    </ClCompile>
    <ClCompile Include="56_thiscall_libctocpp2.cpp">
      <Filter>소스 파일\day1\1_thiscall</Filter>
    </ClCompile>
    <ClCompile Include="9_thiscall_memorysafe.cpp">
      <Filter>소스 파일\day1\1_thiscall</Filter>
    </ClCompile>
    <ClCompile Include="1_virtual_destructor.cpp">
      <Filter>소스 파일\day2\1_virtual_desctructor</Filter>
    </ClCompile>
    <ClCompile Include="1_policy_with_function.cpp">
      <Filter>소스 파일\day2\2_policy_with_functions</Filter>
    </ClCompile>
    <ClCompile Include="2_policy_with_inline_function.cpp">
      <Filter>소스 파일\day2\2_policy_with_functions</Filter>
    </ClCompile>
    <ClCompile Include="3_policy_inline_with_function_object.cpp">
      <Filter>소스 파일\day2\2_policy_with_functions</Filter>
    </ClCompile>
    <ClCompile Include="4_policy_standard_sort.cpp">
      <Filter>소스 파일\day2\2_policy_with_functions</Filter>
    </ClCompile>
    <ClCompile Include="3_composite_menulist.cpp">
      <Filter>소스 파일\day2\3_composite</Filter>
    </ClCompile>
    <ClCompile Include="3_composite_directory.cpp">
      <Filter>소스 파일\day2\3_composite</Filter>
    </ClCompile>
    <ClCompile Include="general_purpose_std_function.cpp">
      <Filter>소스 파일\day2</Filter>
    </ClCompile>
    <ClCompile Include="4_observer_event.cpp">
      <Filter>소스 파일\day2\4_observer</Filter>
    </ClCompile>
    <ClCompile Include="5_mediator_notification_center.cpp">
      <Filter>소스 파일\day2\5_mediator</Filter>
    </ClCompile>
    <ClCompile Include="chain_of_responsibility_event.cpp">
      <Filter>소스 파일\day2</Filter>
    </ClCompile>
    <ClCompile Include="6_messagemap.cpp">
      <Filter>소스 파일\day2\6_messagemap</Filter>
    </ClCompile>
    <ClCompile Include="6_messagemap_macro.cpp">
      <Filter>소스 파일\day2\6_messagemap</Filter>
    </ClCompile>
    <ClCompile Include="_day1_summary.cpp">
      <Filter>소스 파일\day1</Filter>
    </ClCompile>
    <ClCompile Include="_day2_summery.cpp">
      <Filter>소스 파일\day2</Filter>
    </ClCompile>
  </ItemGroup>
  <ItemGroup>
    <ClInclude Include="ioacademy.h">
      <Filter>소스 파일\day1\utils</Filter>
    </ClInclude>
  </ItemGroup>
</Project>